
Microsoft Visual Studio Solution File, Format Version 12.00
# Visual Studio Version 17
VisualStudioVersion = 17.14.36414.22 d17.14
MinimumVisualStudioVersion = 10.0.40219.1
Project("{FAE04EC0-301F-11D3-BF4B-00C04F79EFBC}") = "WheelSell.API", "WheelSellAPI\WheelSell.API.csproj", "{B0DF727F-1C19-4121-943E-37A591234CC0}"
EndProject
Project("{FAE04EC0-301F-11D3-BF4B-00C04F79EFBC}") = "WheelSell.DAL", "WheelSell.DAL\WheelSell.DAL.csproj", "{E1CAEAA2-BC08-47B8-A07B-9830992401A8}"
EndProject
Project("{FAE04EC0-301F-11D3-BF4B-00C04F79EFBC}") = "WheelSell.BLL", "WheelSell.BLL\WheelSell.BLL.csproj", "{4D5D3965-505B-4731-AB22-77EC58DF0926}"
EndProject
Global
	GlobalSection(SolutionConfigurationPlatforms) = preSolution
		Debug|Any CPU = Debug|Any CPU
		Release|Any CPU = Release|Any CPU
	EndGlobalSection
	GlobalSection(ProjectConfigurationPlatforms) = postSolution
		{B0DF727F-1C19-4121-943E-37A591234CC0}.Debug|Any CPU.ActiveCfg = Debug|Any CPU
		{B0DF727F-1C19-4121-943E-37A591234CC0}.Debug|Any CPU.Build.0 = Debug|Any CPU
		{B0DF727F-1C19-4121-943E-37A591234CC0}.Release|Any CPU.ActiveCfg = Release|Any CPU
		{B0DF727F-1C19-4121-943E-37A591234CC0}.Release|Any CPU.Build.0 = Release|Any CPU
		{E1CAEAA2-BC08-47B8-A07B-9830992401A8}.Debug|Any CPU.ActiveCfg = Debug|Any CPU
		{E1CAEAA2-BC08-47B8-A07B-9830992401A8}.Debug|Any CPU.Build.0 = Debug|Any CPU
		{E1CAEAA2-BC08-47B8-A07B-9830992401A8}.Release|Any CPU.ActiveCfg = Release|Any CPU
		{E1CAEAA2-BC08-47B8-A07B-9830992401A8}.Release|Any CPU.Build.0 = Release|Any CPU
		{4D5D3965-505B-4731-AB22-77EC58DF0926}.Debug|Any CPU.ActiveCfg = Debug|Any CPU
		{4D5D3965-505B-4731-AB22-77EC58DF0926}.Debug|Any CPU.Build.0 = Debug|Any CPU
		{4D5D3965-505B-4731-AB22-77EC58DF0926}.Release|Any CPU.ActiveCfg = Release|Any CPU
		{4D5D3965-505B-4731-AB22-77EC58DF0926}.Release|Any CPU.Build.0 = Release|Any CPU
	EndGlobalSection
	GlobalSection(SolutionProperties) = preSolution
		HideSolutionNode = FALSE
	EndGlobalSection
	GlobalSection(ExtensibilityGlobals) = postSolution
		SolutionGuid = {73F95833-06A1-4A8A-A665-8FE6A9DEB662}
	EndGlobalSection
EndGlobal
